// !$*UTF8*$!
{
	archiveVersion = 1;
	classes = {
	};
	objectVersion = 55;
	objects = {

/* Begin PBXBuildFile section */
		9915EAAD26E2DED300A00692 /* MyDeviceActivityMonitor.swift in Sources */ = {isa = PBXBuildFile; fileRef = 9915EAAC26E2DED300A00692 /* MyDeviceActivityMonitor.swift */; };
		9915EAB126E2DED300A00692 /* MyDeviceActivityMonitor.appex in Embed App Extensions */ = {isa = PBXBuildFile; fileRef = 9915EAAA26E2DED300A00692 /* MyDeviceActivityMonitor.appex */; settings = {ATTRIBUTES = (RemoveHeadersOnCopy, ); }; };
		9964EA7626E29975007000D1 /* MySchedule.swift in Sources */ = {isa = PBXBuildFile; fileRef = 9964EA7526E29975007000D1 /* MySchedule.swift */; };
		9964EA7826E29DB7007000D1 /* MyModel.swift in Sources */ = {isa = PBXBuildFile; fileRef = 9964EA7726E29DB7007000D1 /* MyModel.swift */; };
		99EE9DAE26E2694100F0FB9C /* Homework2App.swift in Sources */ = {isa = PBXBuildFile; fileRef = 99EE9DAD26E2694100F0FB9C /* Homework2App.swift */; };
		99EE9DB026E2694100F0FB9C /* ContentView.swift in Sources */ = {isa = PBXBuildFile; fileRef = 99EE9DAF26E2694100F0FB9C /* ContentView.swift */; };
		99EE9DB226E2694300F0FB9C /* Assets.xcassets in Resources */ = {isa = PBXBuildFile; fileRef = 99EE9DB126E2694300F0FB9C /* Assets.xcassets */; };
		99EE9DB526E2694300F0FB9C /* Preview Assets.xcassets in Resources */ = {isa = PBXBuildFile; fileRef = 99EE9DB426E2694300F0FB9C /* Preview Assets.xcassets */; };
/* End PBXBuildFile section */

/* Begin PBXContainerItemProxy section */
		9915EAAF26E2DED300A00692 /* PBXContainerItemProxy */ = {
			isa = PBXContainerItemProxy;
			containerPortal = 99EE9DA226E2694000F0FB9C /* Project object */;
			proxyType = 1;
			remoteGlobalIDString = 9915EAA926E2DED300A00692;
			remoteInfo = MyDeviceActivityMonitor;
		};
/* End PBXContainerItemProxy section */

/* Begin PBXCopyFilesBuildPhase section */
		9964EA8926E2B10C007000D1 /* Embed App Extensions */ = {
			isa = PBXCopyFilesBuildPhase;
			buildActionMask = 2147483647;
			dstPath = "";
			dstSubfolderSpec = 13;
			files = (
				9915EAB126E2DED300A00692 /* MyDeviceActivityMonitor.appex in Embed App Extensions */,
			);
			name = "Embed App Extensions";
			runOnlyForDeploymentPostprocessing = 0;
		};
/* End PBXCopyFilesBuildPhase section */

/* Begin PBXFileReference section */
		9915EAAA26E2DED300A00692 /* MyDeviceActivityMonitor.appex */ = {isa = PBXFileReference; explicitFileType = "wrapper.app-extension"; includeInIndex = 0; path = MyDeviceActivityMonitor.appex; sourceTree = BUILT_PRODUCTS_DIR; };
		9915EAAC26E2DED300A00692 /* MyDeviceActivityMonitor.swift */ = {isa = PBXFileReference; lastKnownFileType = sourcecode.swift; path = MyDeviceActivityMonitor.swift; sourceTree = "<group>"; };
		9915EAAE26E2DED300A00692 /* Info.plist */ = {isa = PBXFileReference; lastKnownFileType = text.plist.xml; path = Info.plist; sourceTree = "<group>"; };
		9964EA7526E29975007000D1 /* MySchedule.swift */ = {isa = PBXFileReference; lastKnownFileType = sourcecode.swift; path = MySchedule.swift; sourceTree = "<group>"; };
		9964EA7726E29DB7007000D1 /* MyModel.swift */ = {isa = PBXFileReference; lastKnownFileType = sourcecode.swift; path = MyModel.swift; sourceTree = "<group>"; };
		99EE9DAA26E2694000F0FB9C /* Homework2.app */ = {isa = PBXFileReference; explicitFileType = wrapper.application; includeInIndex = 0; path = Homework2.app; sourceTree = BUILT_PRODUCTS_DIR; };
		99EE9DAD26E2694100F0FB9C /* Homework2App.swift */ = {isa = PBXFileReference; lastKnownFileType = sourcecode.swift; path = Homework2App.swift; sourceTree = "<group>"; };
		99EE9DAF26E2694100F0FB9C /* ContentView.swift */ = {isa = PBXFileReference; lastKnownFileType = sourcecode.swift; path = ContentView.swift; sourceTree = "<group>"; };
		99EE9DB126E2694300F0FB9C /* Assets.xcassets */ = {isa = PBXFileReference; lastKnownFileType = folder.assetcatalog; path = Assets.xcassets; sourceTree = "<group>"; };
		99EE9DB426E2694300F0FB9C /* Preview Assets.xcassets */ = {isa = PBXFileReference; lastKnownFileType = folder.assetcatalog; path = "Preview Assets.xcassets"; sourceTree = "<group>"; };
		99EE9DBB26E26EE800F0FB9C /* Homework2.entitlements */ = {isa = PBXFileReference; lastKnownFileType = text.plist.entitlements; path = Homework2.entitlements; sourceTree = "<group>"; };
/* End PBXFileReference section */

/* Begin PBXFrameworksBuildPhase section */
		9915EAA726E2DED300A00692 /* Frameworks */ = {
			isa = PBXFrameworksBuildPhase;
			buildActionMask = 2147483647;
			files = (
			);
			runOnlyForDeploymentPostprocessing = 0;
		};
		99EE9DA726E2694000F0FB9C /* Frameworks */ = {
			isa = PBXFrameworksBuildPhase;
			buildActionMask = 2147483647;
			files = (
			);
			runOnlyForDeploymentPostprocessing = 0;
		};
/* End PBXFrameworksBuildPhase section */

/* Begin PBXGroup section */
		9915EAAB26E2DED300A00692 /* MyDeviceActivityMonitor */ = {
			isa = PBXGroup;
			children = (
				9915EAAC26E2DED300A00692 /* MyDeviceActivityMonitor.swift */,
				9915EAAE26E2DED300A00692 /* Info.plist */,
			);
			path = MyDeviceActivityMonitor;
			sourceTree = "<group>";
		};
		99EE9DA126E2694000F0FB9C = {
			isa = PBXGroup;
			children = (
				99EE9DAC26E2694000F0FB9C /* Homework2 */,
				9915EAAB26E2DED300A00692 /* MyDeviceActivityMonitor */,
				99EE9DAB26E2694000F0FB9C /* Products */,
			);
			sourceTree = "<group>";
		};
		99EE9DAB26E2694000F0FB9C /* Products */ = {
			isa = PBXGroup;
			children = (
				99EE9DAA26E2694000F0FB9C /* Homework2.app */,
				9915EAAA26E2DED300A00692 /* MyDeviceActivityMonitor.appex */,
			);
			name = Products;
			sourceTree = "<group>";
		};
		99EE9DAC26E2694000F0FB9C /* Homework2 */ = {
			isa = PBXGroup;
			children = (
				99EE9DBB26E26EE800F0FB9C /* Homework2.entitlements */,
				99EE9DAD26E2694100F0FB9C /* Homework2App.swift */,
				99EE9DAF26E2694100F0FB9C /* ContentView.swift */,
				99EE9DB126E2694300F0FB9C /* Assets.xcassets */,
				99EE9DB326E2694300F0FB9C /* Preview Content */,
				9964EA7526E29975007000D1 /* MySchedule.swift */,
				9964EA7726E29DB7007000D1 /* MyModel.swift */,
			);
			path = Homework2;
			sourceTree = "<group>";
		};
		99EE9DB326E2694300F0FB9C /* Preview Content */ = {
			isa = PBXGroup;
			children = (
				99EE9DB426E2694300F0FB9C /* Preview Assets.xcassets */,
			);
			path = "Preview Content";
			sourceTree = "<group>";
		};
/* End PBXGroup section */

/* Begin PBXNativeTarget section */
		9915EAA926E2DED300A00692 /* MyDeviceActivityMonitor */ = {
			isa = PBXNativeTarget;
			buildConfigurationList = 9915EAB226E2DED300A00692 /* Build configuration list for PBXNativeTarget "MyDeviceActivityMonitor" */;
			buildPhases = (
				9915EAA626E2DED300A00692 /* Sources */,
				9915EAA726E2DED300A00692 /* Frameworks */,
				9915EAA826E2DED300A00692 /* Resources */,
			);
			buildRules = (
			);
			dependencies = (
			);
			name = MyDeviceActivityMonitor;
			productName = MyDeviceActivityMonitor;
			productReference = 9915EAAA26E2DED300A00692 /* MyDeviceActivityMonitor.appex */;
			productType = "com.apple.product-type.app-extension";
		};
		99EE9DA926E2694000F0FB9C /* Homework2 */ = {
			isa = PBXNativeTarget;
			buildConfigurationList = 99EE9DB826E2694300F0FB9C /* Build configuration list for PBXNativeTarget "Homework2" */;
			buildPhases = (
				99EE9DA626E2694000F0FB9C /* Sources */,
				99EE9DA726E2694000F0FB9C /* Frameworks */,
				99EE9DA826E2694000F0FB9C /* Resources */,
				9964EA8926E2B10C007000D1 /* Embed App Extensions */,
			);
			buildRules = (
			);
			dependencies = (
				9915EAB026E2DED300A00692 /* PBXTargetDependency */,
			);
			name = Homework2;
			productName = Homework2;
			productReference = 99EE9DAA26E2694000F0FB9C /* Homework2.app */;
			productType = "com.apple.product-type.application";
		};
/* End PBXNativeTarget section */

/* Begin PBXProject section */
		99EE9DA226E2694000F0FB9C /* Project object */ = {
			isa = PBXProject;
			attributes = {
				BuildIndependentTargetsInParallel = 1;
				LastSwiftUpdateCheck = 1300;
				LastUpgradeCheck = 1310;
				TargetAttributes = {
					9915EAA926E2DED300A00692 = {
						CreatedOnToolsVersion = 13.0;
					};
					99EE9DA926E2694000F0FB9C = {
						CreatedOnToolsVersion = 13.0;
					};
				};
			};
			buildConfigurationList = 99EE9DA526E2694000F0FB9C /* Build configuration list for PBXProject "Homework2" */;
			compatibilityVersion = "Xcode 13.0";
			developmentRegion = en;
			hasScannedForEncodings = 0;
			knownRegions = (
				en,
				Base,
			);
			mainGroup = 99EE9DA126E2694000F0FB9C;
			productRefGroup = 99EE9DAB26E2694000F0FB9C /* Products */;
			projectDirPath = "";
			projectRoot = "";
			targets = (
				99EE9DA926E2694000F0FB9C /* Homework2 */,
				9915EAA926E2DED300A00692 /* MyDeviceActivityMonitor */,
			);
		};
/* End PBXProject section */

/* Begin PBXResourcesBuildPhase section */
		9915EAA826E2DED300A00692 /* Resources */ = {
			isa = PBXResourcesBuildPhase;
			buildActionMask = 2147483647;
			files = (
			);
			runOnlyForDeploymentPostprocessing = 0;
		};
		99EE9DA826E2694000F0FB9C /* Resources */ = {
			isa = PBXResourcesBuildPhase;
			buildActionMask = 2147483647;
			files = (
				99EE9DB526E2694300F0FB9C /* Preview Assets.xcassets in Resources */,
				99EE9DB226E2694300F0FB9C /* Assets.xcassets in Resources */,
			);
			runOnlyForDeploymentPostprocessing = 0;
		};
/* End PBXResourcesBuildPhase section */

/* Begin PBXSourcesBuildPhase section */
		9915EAA626E2DED300A00692 /* Sources */ = {
			isa = PBXSourcesBuildPhase;
			buildActionMask = 2147483647;
			files = (
				9915EAAD26E2DED300A00692 /* MyDeviceActivityMonitor.swift in Sources */,
			);
			runOnlyForDeploymentPostprocessing = 0;
		};
		99EE9DA626E2694000F0FB9C /* Sources */ = {
			isa = PBXSourcesBuildPhase;
			buildActionMask = 2147483647;
			files = (
				99EE9DB026E2694100F0FB9C /* ContentView.swift in Sources */,
				9964EA7826E29DB7007000D1 /* MyModel.swift in Sources */,
				9964EA7626E29975007000D1 /* MySchedule.swift in Sources */,
				99EE9DAE26E2694100F0FB9C /* Homework2App.swift in Sources */,
			);
			runOnlyForDeploymentPostprocessing = 0;
		};
/* End PBXSourcesBuildPhase section */

/* Begin PBXTargetDependency section */
		9915EAB026E2DED300A00692 /* PBXTargetDependency */ = {
			isa = PBXTargetDependency;
			target = 9915EAA926E2DED300A00692 /* MyDeviceActivityMonitor */;
			targetProxy = 9915EAAF26E2DED300A00692 /* PBXContainerItemProxy */;
		};
/* End PBXTargetDependency section */

/* Begin XCBuildConfiguration section */
		9915EAB326E2DED300A00692 /* Debug */ = {
			isa = XCBuildConfiguration;
			buildSettings = {
				CLANG_CXX_LANGUAGE_STANDARD = "gnu++17";
				CODE_SIGN_STYLE = Automatic;
				CURRENT_PROJECT_VERSION = 1;
				DEVELOPMENT_TEAM = 47C966XSTJ;
				GENERATE_INFOPLIST_FILE = YES;
				INFOPLIST_FILE = MyDeviceActivityMonitor/Info.plist;
				INFOPLIST_KEY_CFBundleDisplayName = MyDeviceActivityMonitor;
				INFOPLIST_KEY_NSHumanReadableCopyright = "";
				LD_RUNPATH_SEARCH_PATHS = (
					"$(inherited)",
					"@executable_path/Frameworks",
					"@executable_path/../../Frameworks",
				);
				MARKETING_VERSION = 1.0;
				PRODUCT_BUNDLE_IDENTIFIER = "com.garrett-harris.adam.Homework2.MyDeviceActivityMonitor";
				PRODUCT_NAME = "$(TARGET_NAME)";
				SKIP_INSTALL = YES;
				SWIFT_EMIT_LOC_STRINGS = YES;
				SWIFT_VERSION = 5.0;
				TARGETED_DEVICE_FAMILY = "1,2";
			};
			name = Debug;
		};
		9915EAB426E2DED300A00692 /* Release */ = {
			isa = XCBuildConfiguration;
			buildSettings = {
				CLANG_CXX_LANGUAGE_STANDARD = "gnu++17";
				CODE_SIGN_STYLE = Automatic;
				CURRENT_PROJECT_VERSION = 1;
				DEVELOPMENT_TEAM = 47C966XSTJ;
				GENERATE_INFOPLIST_FILE = YES;
				INFOPLIST_FILE = MyDeviceActivityMonitor/Info.plist;
				INFOPLIST_KEY_CFBundleDisplayName = MyDeviceActivityMonitor;
				INFOPLIST_KEY_NSHumanReadableCopyright = "";
				LD_RUNPATH_SEARCH_PATHS = (
					"$(inherited)",
					"@executable_path/Frameworks",
					"@executable_path/../../Frameworks",
				);
				MARKETING_VERSION = 1.0;
				PRODUCT_BUNDLE_IDENTIFIER = "com.garrett-harris.adam.Homework2.MyDeviceActivityMonitor";
				PRODUCT_NAME = "$(TARGET_NAME)";
				SKIP_INSTALL = YES;
				SWIFT_EMIT_LOC_STRINGS = YES;
				SWIFT_VERSION = 5.0;
				TARGETED_DEVICE_FAMILY = "1,2";
			};
			name = Release;
		};
		99EE9DB626E2694300F0FB9C /* Debug */ = {
			isa = XCBuildConfiguration;
			buildSettings = {
				ALWAYS_SEARCH_USER_PATHS = NO;
				CLANG_ANALYZER_NONNULL = YES;
				CLANG_ANALYZER_NUMBER_OBJECT_CONVERSION = YES_AGGRESSIVE;
				CLANG_CXX_LANGUAGE_STANDARD = "gnu++14";
				CLANG_CXX_LIBRARY = "libc++";
				CLANG_ENABLE_MODULES = YES;
				CLANG_ENABLE_OBJC_ARC = YES;
				CLANG_ENABLE_OBJC_WEAK = YES;
				CLANG_WARN_BLOCK_CAPTURE_AUTORELEASING = YES;
				CLANG_WARN_BOOL_CONVERSION = YES;
				CLANG_WARN_COMMA = YES;
				CLANG_WARN_CONSTANT_CONVERSION = YES;
				CLANG_WARN_DEPRECATED_OBJC_IMPLEMENTATIONS = YES;
				CLANG_WARN_DIRECT_OBJC_ISA_USAGE = YES_ERROR;
				CLANG_WARN_DOCUMENTATION_COMMENTS = YES;
				CLANG_WARN_EMPTY_BODY = YES;
				CLANG_WARN_ENUM_CONVERSION = YES;
				CLANG_WARN_INFINITE_RECURSION = YES;
				CLANG_WARN_INT_CONVERSION = YES;
				CLANG_WARN_NON_LITERAL_NULL_CONVERSION = YES;
				CLANG_WARN_OBJC_IMPLICIT_RETAIN_SELF = YES;
				CLANG_WARN_OBJC_LITERAL_CONVERSION = YES;
				CLANG_WARN_OBJC_ROOT_CLASS = YES_ERROR;
				CLANG_WARN_QUOTED_INCLUDE_IN_FRAMEWORK_HEADER = YES;
				CLANG_WARN_RANGE_LOOP_ANALYSIS = YES;
				CLANG_WARN_STRICT_PROTOTYPES = YES;
				CLANG_WARN_SUSPICIOUS_MOVE = YES;
				CLANG_WARN_UNGUARDED_AVAILABILITY = YES_AGGRESSIVE;
				CLANG_WARN_UNREACHABLE_CODE = YES;
				CLANG_WARN__DUPLICATE_METHOD_MATCH = YES;
				COPY_PHASE_STRIP = NO;
				DEBUG_INFORMATION_FORMAT = dwarf;
				ENABLE_STRICT_OBJC_MSGSEND = YES;
				ENABLE_TESTABILITY = YES;
				GCC_C_LANGUAGE_STANDARD = gnu11;
				GCC_DYNAMIC_NO_PIC = NO;
				GCC_NO_COMMON_BLOCKS = YES;
				GCC_OPTIMIZATION_LEVEL = 0;
				GCC_PREPROCESSOR_DEFINITIONS = (
					"DEBUG=1",
					"$(inherited)",
				);
				GCC_WARN_64_TO_32_BIT_CONVERSION = YES;
				GCC_WARN_ABOUT_RETURN_TYPE = YES_ERROR;
				GCC_WARN_UNDECLARED_SELECTOR = YES;
				GCC_WARN_UNINITIALIZED_AUTOS = YES_AGGRESSIVE;
				GCC_WARN_UNUSED_FUNCTION = YES;
				GCC_WARN_UNUSED_VARIABLE = YES;
				IPHONEOS_DEPLOYMENT_TARGET = 15.0;
				MTL_ENABLE_DEBUG_INFO = INCLUDE_SOURCE;
				MTL_FAST_MATH = YES;
				ONLY_ACTIVE_ARCH = YES;
				SDKROOT = iphoneos;
				SWIFT_ACTIVE_COMPILATION_CONDITIONS = DEBUG;
				SWIFT_OPTIMIZATION_LEVEL = "-Onone";
			};
			name = Debug;
		};
		99EE9DB726E2694300F0FB9C /* Release */ = {
			isa = XCBuildConfiguration;
			buildSettings = {
				ALWAYS_SEARCH_USER_PATHS = NO;
				CLANG_ANALYZER_NONNULL = YES;
				CLANG_ANALYZER_NUMBER_OBJECT_CONVERSION = YES_AGGRESSIVE;
				CLANG_CXX_LANGUAGE_STANDARD = "gnu++14";
				CLANG_CXX_LIBRARY = "libc++";
				CLANG_ENABLE_MODULES = YES;
				CLANG_ENABLE_OBJC_ARC = YES;
				CLANG_ENABLE_OBJC_WEAK = YES;
				CLANG_WARN_BLOCK_CAPTURE_AUTORELEASING = YES;
				CLANG_WARN_BOOL_CONVERSION = YES;
				CLANG_WARN_COMMA = YES;
				CLANG_WARN_CONSTANT_CONVERSION = YES;
				CLANG_WARN_DEPRECATED_OBJC_IMPLEMENTATIONS = YES;
				CLANG_WARN_DIRECT_OBJC_ISA_USAGE = YES_ERROR;
				CLANG_WARN_DOCUMENTATION_COMMENTS = YES;
				CLANG_WARN_EMPTY_BODY = YES;
				CLANG_WARN_ENUM_CONVERSION = YES;
				CLANG_WARN_INFINITE_RECURSION = YES;
				CLANG_WARN_INT_CONVERSION = YES;
				CLANG_WARN_NON_LITERAL_NULL_CONVERSION = YES;
				CLANG_WARN_OBJC_IMPLICIT_RETAIN_SELF = YES;
				CLANG_WARN_OBJC_LITERAL_CONVERSION = YES;
				CLANG_WARN_OBJC_ROOT_CLASS = YES_ERROR;
				CLANG_WARN_QUOTED_INCLUDE_IN_FRAMEWORK_HEADER = YES;
				CLANG_WARN_RANGE_LOOP_ANALYSIS = YES;
				CLANG_WARN_STRICT_PROTOTYPES = YES;
				CLANG_WARN_SUSPICIOUS_MOVE = YES;
				CLANG_WARN_UNGUARDED_AVAILABILITY = YES_AGGRESSIVE;
				CLANG_WARN_UNREACHABLE_CODE = YES;
				CLANG_WARN__DUPLICATE_METHOD_MATCH = YES;
				COPY_PHASE_STRIP = NO;
				DEBUG_INFORMATION_FORMAT = "dwarf-with-dsym";
				ENABLE_NS_ASSERTIONS = NO;
				ENABLE_STRICT_OBJC_MSGSEND = YES;
				GCC_C_LANGUAGE_STANDARD = gnu11;
				GCC_NO_COMMON_BLOCKS = YES;
				GCC_WARN_64_TO_32_BIT_CONVERSION = YES;
				GCC_WARN_ABOUT_RETURN_TYPE = YES_ERROR;
				GCC_WARN_UNDECLARED_SELECTOR = YES;
				GCC_WARN_UNINITIALIZED_AUTOS = YES_AGGRESSIVE;
				GCC_WARN_UNUSED_FUNCTION = YES;
				GCC_WARN_UNUSED_VARIABLE = YES;
				IPHONEOS_DEPLOYMENT_TARGET = 15.0;
				MTL_ENABLE_DEBUG_INFO = NO;
				MTL_FAST_MATH = YES;
				SDKROOT = iphoneos;
				SWIFT_COMPILATION_MODE = wholemodule;
				SWIFT_OPTIMIZATION_LEVEL = "-O";
				VALIDATE_PRODUCT = YES;
			};
			name = Release;
		};
		99EE9DB926E2694300F0FB9C /* Debug */ = {
			isa = XCBuildConfiguration;
			buildSettings = {
				ALWAYS_EMBED_SWIFT_STANDARD_LIBRARIES = YES;
				ASSETCATALOG_COMPILER_APPICON_NAME = AppIcon;
				ASSETCATALOG_COMPILER_GLOBAL_ACCENT_COLOR_NAME = AccentColor;
				CODE_SIGN_ENTITLEMENTS = Homework2/Homework2.entitlements;
				CODE_SIGN_STYLE = Automatic;
				CURRENT_PROJECT_VERSION = 1;
				DEVELOPMENT_ASSET_PATHS = "\"Homework2/Preview Content\"";
				DEVELOPMENT_TEAM = 47C966XSTJ;
				ENABLE_PREVIEWS = YES;
				GENERATE_INFOPLIST_FILE = YES;
				INFOPLIST_FILE = Homework2/Info.plist;
				INFOPLIST_KEY_UIApplicationSceneManifest_Generation = YES;
				INFOPLIST_KEY_UIApplicationSupportsIndirectInputEvents = YES;
				INFOPLIST_KEY_UILaunchScreen_Generation = YES;
				INFOPLIST_KEY_UISupportedInterfaceOrientations_iPad = "UIInterfaceOrientationPortrait UIInterfaceOrientationPortraitUpsideDown UIInterfaceOrientationLandscapeLeft UIInterfaceOrientationLandscapeRight";
				INFOPLIST_KEY_UISupportedInterfaceOrientations_iPhone = "UIInterfaceOrientationPortrait UIInterfaceOrientationLandscapeLeft UIInterfaceOrientationLandscapeRight";
				IPHONEOS_DEPLOYMENT_TARGET = 15.0;
				LD_RUNPATH_SEARCH_PATHS = (
					"$(inherited)",
					"@executable_path/Frameworks",
				);
				MARKETING_VERSION = 1.0;
				PRODUCT_BUNDLE_IDENTIFIER = "com.garrett-harris.adam.Homework2";
				PRODUCT_NAME = "$(TARGET_NAME)";
				SWIFT_EMIT_LOC_STRINGS = YES;
				SWIFT_VERSION = 5.0;
				TARGETED_DEVICE_FAMILY = "1,2";
			};
			name = Debug;
		};
		99EE9DBA26E2694300F0FB9C /* Release */ = {
			isa = XCBuildConfiguration;
			buildSettings = {
				ALWAYS_EMBED_SWIFT_STANDARD_LIBRARIES = YES;
				ASSETCATALOG_COMPILER_APPICON_NAME = AppIcon;
				ASSETCATALOG_COMPILER_GLOBAL_ACCENT_COLOR_NAME = AccentColor;
				CODE_SIGN_ENTITLEMENTS = Homework2/Homework2.entitlements;
				CODE_SIGN_STYLE = Automatic;
				CURRENT_PROJECT_VERSION = 1;
				DEVELOPMENT_ASSET_PATHS = "\"Homework2/Preview Content\"";
				DEVELOPMENT_TEAM = 47C966XSTJ;
				ENABLE_PREVIEWS = YES;
				GENERATE_INFOPLIST_FILE = YES;
				INFOPLIST_FILE = Homework2/Info.plist;
				INFOPLIST_KEY_UIApplicationSceneManifest_Generation = YES;
				INFOPLIST_KEY_UIApplicationSupportsIndirectInputEvents = YES;
				INFOPLIST_KEY_UILaunchScreen_Generation = YES;
				INFOPLIST_KEY_UISupportedInterfaceOrientations_iPad = "UIInterfaceOrientationPortrait UIInterfaceOrientationPortraitUpsideDown UIInterfaceOrientationLandscapeLeft UIInterfaceOrientationLandscapeRight";
				INFOPLIST_KEY_UISupportedInterfaceOrientations_iPhone = "UIInterfaceOrientationPortrait UIInterfaceOrientationLandscapeLeft UIInterfaceOrientationLandscapeRight";
				IPHONEOS_DEPLOYMENT_TARGET = 15.0;
				LD_RUNPATH_SEARCH_PATHS = (
					"$(inherited)",
					"@executable_path/Frameworks",
				);
				MARKETING_VERSION = 1.0;
				PRODUCT_BUNDLE_IDENTIFIER = "com.garrett-harris.adam.Homework2";
				PRODUCT_NAME = "$(TARGET_NAME)";
				SWIFT_EMIT_LOC_STRINGS = YES;
				SWIFT_VERSION = 5.0;
				TARGETED_DEVICE_FAMILY = "1,2";
			};
			name = Release;
		};
/* End XCBuildConfiguration section */

/* Begin XCConfigurationList section */
		9915EAB226E2DED300A00692 /* Build configuration list for PBXNativeTarget "MyDeviceActivityMonitor" */ = {
			isa = XCConfigurationList;
			buildConfigurations = (
				9915EAB326E2DED300A00692 /* Debug */,
				9915EAB426E2DED300A00692 /* Release */,
			);
			defaultConfigurationIsVisible = 0;
			defaultConfigurationName = Release;
		};
		99EE9DA526E2694000F0FB9C /* Build configuration list for PBXProject "Homework2" */ = {
			isa = XCConfigurationList;
			buildConfigurations = (
				99EE9DB626E2694300F0FB9C /* Debug */,
				99EE9DB726E2694300F0FB9C /* Release */,
			);
			defaultConfigurationIsVisible = 0;
			defaultConfigurationName = Release;
		};
		99EE9DB826E2694300F0FB9C /* Build configuration list for PBXNativeTarget "Homework2" */ = {
			isa = XCConfigurationList;
			buildConfigurations = (
				99EE9DB926E2694300F0FB9C /* Debug */,
				99EE9DBA26E2694300F0FB9C /* Release */,
			);
			defaultConfigurationIsVisible = 0;
			defaultConfigurationName = Release;
		};
/* End XCConfigurationList section */
	};
	rootObject = 99EE9DA226E2694000F0FB9C /* Project object */;
}
